// !$*UTF8*$!
{
	archiveVersion = 1;
	classes = {
	};
	objectVersion = 56;
	objects = {

/* Begin PBXBuildFile section */
		21C568A32B8305960091B38C /* XRocket.swift in Sources */ = {isa = PBXBuildFile; fileRef = 21C568A22B8305960091B38C /* XRocket.swift */; };
		21C568A52B8305960091B38C /* ContentView.swift in Sources */ = {isa = PBXBuildFile; fileRef = 21C568A42B8305960091B38C /* ContentView.swift */; };
		21C568A72B8305980091B38C /* Assets.xcassets in Resources */ = {isa = PBXBuildFile; fileRef = 21C568A62B8305980091B38C /* Assets.xcassets */; };
		21C568AA2B8305980091B38C /* Preview Assets.xcassets in Resources */ = {isa = PBXBuildFile; fileRef = 21C568A92B8305980091B38C /* Preview Assets.xcassets */; };
		21C568B42B8305980091B38C /* Xray_UITests.swift in Sources */ = {isa = PBXBuildFile; fileRef = 21C568B32B8305980091B38C /* Xray_UITests.swift */; };
		21C568BE2B8305980091B38C /* Xray_UIUITests.swift in Sources */ = {isa = PBXBuildFile; fileRef = 21C568BD2B8305980091B38C /* Xray_UIUITests.swift */; };
		21C568C02B8305980091B38C /* Xray_UIUITestsLaunchTests.swift in Sources */ = {isa = PBXBuildFile; fileRef = 21C568BF2B8305980091B38C /* Xray_UIUITestsLaunchTests.swift */; };
		21C568D92B8481B30091B38C /* SwiftPrinter.swift in Sources */ = {isa = PBXBuildFile; fileRef = 21C568D82B8481B30091B38C /* SwiftPrinter.swift */; };
		21C568DB2B848AD20091B38C /* Greeter.xcframework in Frameworks */ = {isa = PBXBuildFile; fileRef = 21C568DA2B848AD20091B38C /* Greeter.xcframework */; };
		21C5691B2B86F2FD0091B38C /* XrayCore.xcframework in Frameworks */ = {isa = PBXBuildFile; fileRef = 21C5691A2B86F2FD0091B38C /* XrayCore.xcframework */; };
		21C569202B8740DD0091B38C /* config.json in Resources */ = {isa = PBXBuildFile; fileRef = 21C5691F2B8740DD0091B38C /* config.json */; };
		21C569242B8757210091B38C /* VpnSetup.swift in Sources */ = {isa = PBXBuildFile; fileRef = 21C569232B8757210091B38C /* VpnSetup.swift */; };
		21C569262B87A8320091B38C /* PacManager.swift in Sources */ = {isa = PBXBuildFile; fileRef = 21C569252B87A8320091B38C /* PacManager.swift */; };
/* End PBXBuildFile section */

/* Begin PBXContainerItemProxy section */
		21C568B02B8305980091B38C /* PBXContainerItemProxy */ = {
			isa = PBXContainerItemProxy;
			containerPortal = 21C568972B8305960091B38C /* Project object */;
			proxyType = 1;
			remoteGlobalIDString = 21C5689E2B8305960091B38C;
			remoteInfo = "Xray-UI";
		};
		21C568BA2B8305980091B38C /* PBXContainerItemProxy */ = {
			isa = PBXContainerItemProxy;
			containerPortal = 21C568972B8305960091B38C /* Project object */;
			proxyType = 1;
			remoteGlobalIDString = 21C5689E2B8305960091B38C;
			remoteInfo = "Xray-UI";
		};
/* End PBXContainerItemProxy section */

/* Begin PBXFileReference section */
		21C5689F2B8305960091B38C /* XRocket.app */ = {isa = PBXFileReference; explicitFileType = wrapper.application; includeInIndex = 0; path = XRocket.app; sourceTree = BUILT_PRODUCTS_DIR; };
		21C568A22B8305960091B38C /* XRocket.swift */ = {isa = PBXFileReference; lastKnownFileType = sourcecode.swift; path = XRocket.swift; sourceTree = "<group>"; };
		21C568A42B8305960091B38C /* ContentView.swift */ = {isa = PBXFileReference; lastKnownFileType = sourcecode.swift; path = ContentView.swift; sourceTree = "<group>"; };
		21C568A62B8305980091B38C /* Assets.xcassets */ = {isa = PBXFileReference; lastKnownFileType = folder.assetcatalog; path = Assets.xcassets; sourceTree = "<group>"; };
		21C568A92B8305980091B38C /* Preview Assets.xcassets */ = {isa = PBXFileReference; lastKnownFileType = folder.assetcatalog; path = "Preview Assets.xcassets"; sourceTree = "<group>"; };
		21C568AF2B8305980091B38C /* XRocketTests.xctest */ = {isa = PBXFileReference; explicitFileType = wrapper.cfbundle; includeInIndex = 0; path = XRocketTests.xctest; sourceTree = BUILT_PRODUCTS_DIR; };
		21C568B32B8305980091B38C /* Xray_UITests.swift */ = {isa = PBXFileReference; lastKnownFileType = sourcecode.swift; path = Xray_UITests.swift; sourceTree = "<group>"; };
		21C568B92B8305980091B38C /* XRocketUITests.xctest */ = {isa = PBXFileReference; explicitFileType = wrapper.cfbundle; includeInIndex = 0; path = XRocketUITests.xctest; sourceTree = BUILT_PRODUCTS_DIR; };
		21C568BD2B8305980091B38C /* Xray_UIUITests.swift */ = {isa = PBXFileReference; lastKnownFileType = sourcecode.swift; path = Xray_UIUITests.swift; sourceTree = "<group>"; };
		21C568BF2B8305980091B38C /* Xray_UIUITestsLaunchTests.swift */ = {isa = PBXFileReference; lastKnownFileType = sourcecode.swift; path = Xray_UIUITestsLaunchTests.swift; sourceTree = "<group>"; };
		21C568D82B8481B30091B38C /* SwiftPrinter.swift */ = {isa = PBXFileReference; lastKnownFileType = sourcecode.swift; path = SwiftPrinter.swift; sourceTree = "<group>"; };
		21C568DA2B848AD20091B38C /* Greeter.xcframework */ = {isa = PBXFileReference; lastKnownFileType = wrapper.xcframework; name = Greeter.xcframework; path = ../../Greeter/greeter/Greeter.xcframework; sourceTree = "<group>"; };
		21C569192B86F1BB0091B38C /* libresolv.tbd */ = {isa = PBXFileReference; lastKnownFileType = "sourcecode.text-based-dylib-definition"; name = libresolv.tbd; path = usr/lib/libresolv.tbd; sourceTree = SDKROOT; };
		21C5691A2B86F2FD0091B38C /* XrayCore.xcframework */ = {isa = PBXFileReference; lastKnownFileType = wrapper.xcframework; name = XrayCore.xcframework; path = ../../XrayCore.xcframework; sourceTree = "<group>"; };
		21C5691F2B8740DD0091B38C /* config.json */ = {isa = PBXFileReference; fileEncoding = 4; lastKnownFileType = text.json; path = config.json; sourceTree = "<group>"; };
		21C569232B8757210091B38C /* VpnSetup.swift */ = {isa = PBXFileReference; lastKnownFileType = sourcecode.swift; path = VpnSetup.swift; sourceTree = "<group>"; };
		21C569252B87A8320091B38C /* PacManager.swift */ = {isa = PBXFileReference; lastKnownFileType = sourcecode.swift; path = PacManager.swift; sourceTree = "<group>"; };
		21C569272B88DDA40091B38C /* XRocket.entitlements */ = {isa = PBXFileReference; lastKnownFileType = text.plist.entitlements; path = XRocket.entitlements; sourceTree = "<group>"; };
/* End PBXFileReference section */

/* Begin PBXFrameworksBuildPhase section */
		21C5689C2B8305960091B38C /* Frameworks */ = {
			isa = PBXFrameworksBuildPhase;
			buildActionMask = 2147483647;
			files = (
				21C5691B2B86F2FD0091B38C /* XrayCore.xcframework in Frameworks */,
				21C568DB2B848AD20091B38C /* Greeter.xcframework in Frameworks */,
			);
			runOnlyForDeploymentPostprocessing = 0;
		};
		21C568AC2B8305980091B38C /* Frameworks */ = {
			isa = PBXFrameworksBuildPhase;
			buildActionMask = 2147483647;
			files = (
			);
			runOnlyForDeploymentPostprocessing = 0;
		};
		21C568B62B8305980091B38C /* Frameworks */ = {
			isa = PBXFrameworksBuildPhase;
			buildActionMask = 2147483647;
			files = (
			);
			runOnlyForDeploymentPostprocessing = 0;
		};
/* End PBXFrameworksBuildPhase section */

/* Begin PBXGroup section */
		21C568962B8305960091B38C = {
			isa = PBXGroup;
			children = (
				21C568A12B8305960091B38C /* XRocket */,
				21C568B22B8305980091B38C /* XRocketTests */,
				21C568BC2B8305980091B38C /* XRocketUITests */,
				21C568A02B8305960091B38C /* Products */,
				21C568CC2B8305DE0091B38C /* Frameworks */,
			);
			sourceTree = "<group>";
		};
		21C568A02B8305960091B38C /* Products */ = {
			isa = PBXGroup;
			children = (
				21C5689F2B8305960091B38C /* XRocket.app */,
				21C568AF2B8305980091B38C /* XRocketTests.xctest */,
				21C568B92B8305980091B38C /* XRocketUITests.xctest */,
			);
			name = Products;
			sourceTree = "<group>";
		};
		21C568A12B8305960091B38C /* XRocket */ = {
			isa = PBXGroup;
			children = (
				21C569272B88DDA40091B38C /* XRocket.entitlements */,
				21C568A22B8305960091B38C /* XRocket.swift */,
				21C569232B8757210091B38C /* VpnSetup.swift */,
				21C569252B87A8320091B38C /* PacManager.swift */,
				21C568A42B8305960091B38C /* ContentView.swift */,
				21C568D82B8481B30091B38C /* SwiftPrinter.swift */,
				21C568A62B8305980091B38C /* Assets.xcassets */,
				21C5691F2B8740DD0091B38C /* config.json */,
				21C568A82B8305980091B38C /* Preview Content */,
			);
			path = XRocket;
			sourceTree = "<group>";
		};
		21C568A82B8305980091B38C /* Preview Content */ = {
			isa = PBXGroup;
			children = (
				21C568A92B8305980091B38C /* Preview Assets.xcassets */,
			);
			path = "Preview Content";
			sourceTree = "<group>";
		};
		21C568B22B8305980091B38C /* XRocketTests */ = {
			isa = PBXGroup;
			children = (
				21C568B32B8305980091B38C /* Xray_UITests.swift */,
			);
			path = XRocketTests;
			sourceTree = "<group>";
		};
		21C568BC2B8305980091B38C /* XRocketUITests */ = {
			isa = PBXGroup;
			children = (
				21C568BD2B8305980091B38C /* Xray_UIUITests.swift */,
				21C568BF2B8305980091B38C /* Xray_UIUITestsLaunchTests.swift */,
			);
			path = XRocketUITests;
			sourceTree = "<group>";
		};
		21C568CC2B8305DE0091B38C /* Frameworks */ = {
			isa = PBXGroup;
			children = (
				21C5691A2B86F2FD0091B38C /* XrayCore.xcframework */,
				21C569192B86F1BB0091B38C /* libresolv.tbd */,
				21C568DA2B848AD20091B38C /* Greeter.xcframework */,
			);
			name = Frameworks;
			sourceTree = "<group>";
		};
/* End PBXGroup section */

/* Begin PBXNativeTarget section */
		21C5689E2B8305960091B38C /* XRocket */ = {
			isa = PBXNativeTarget;
			buildConfigurationList = 21C568C32B8305980091B38C /* Build configuration list for PBXNativeTarget "XRocket" */;
			buildPhases = (
				21C5689B2B8305960091B38C /* Sources */,
				21C5689C2B8305960091B38C /* Frameworks */,
				21C5689D2B8305960091B38C /* Resources */,
			);
			buildRules = (
			);
			dependencies = (
			);
			name = XRocket;
			productName = "Xray-UI";
			productReference = 21C5689F2B8305960091B38C /* XRocket.app */;
			productType = "com.apple.product-type.application";
		};
		21C568AE2B8305980091B38C /* XRocketTests */ = {
			isa = PBXNativeTarget;
			buildConfigurationList = 21C568C62B8305980091B38C /* Build configuration list for PBXNativeTarget "XRocketTests" */;
			buildPhases = (
				21C568AB2B8305980091B38C /* Sources */,
				21C568AC2B8305980091B38C /* Frameworks */,
				21C568AD2B8305980091B38C /* Resources */,
			);
			buildRules = (
			);
			dependencies = (
				21C568B12B8305980091B38C /* PBXTargetDependency */,
			);
			name = XRocketTests;
			productName = "Xray-UITests";
			productReference = 21C568AF2B8305980091B38C /* XRocketTests.xctest */;
			productType = "com.apple.product-type.bundle.unit-test";
		};
		21C568B82B8305980091B38C /* XRocketUITests */ = {
			isa = PBXNativeTarget;
			buildConfigurationList = 21C568C92B8305980091B38C /* Build configuration list for PBXNativeTarget "XRocketUITests" */;
			buildPhases = (
				21C568B52B8305980091B38C /* Sources */,
				21C568B62B8305980091B38C /* Frameworks */,
				21C568B72B8305980091B38C /* Resources */,
			);
			buildRules = (
			);
			dependencies = (
				21C568BB2B8305980091B38C /* PBXTargetDependency */,
			);
			name = XRocketUITests;
			productName = "Xray-UIUITests";
			productReference = 21C568B92B8305980091B38C /* XRocketUITests.xctest */;
			productType = "com.apple.product-type.bundle.ui-testing";
		};
/* End PBXNativeTarget section */

/* Begin PBXProject section */
		21C568972B8305960091B38C /* Project object */ = {
			isa = PBXProject;
			attributes = {
				BuildIndependentTargetsInParallel = 1;
				LastSwiftUpdateCheck = 1520;
				LastUpgradeCheck = 1520;
				TargetAttributes = {
					21C5689E2B8305960091B38C = {
						CreatedOnToolsVersion = 15.2;
					};
					21C568AE2B8305980091B38C = {
						CreatedOnToolsVersion = 15.2;
						TestTargetID = 21C5689E2B8305960091B38C;
					};
					21C568B82B8305980091B38C = {
						CreatedOnToolsVersion = 15.2;
						TestTargetID = 21C5689E2B8305960091B38C;
					};
				};
			};
			buildConfigurationList = 21C5689A2B8305960091B38C /* Build configuration list for PBXProject "XRocket" */;
			compatibilityVersion = "Xcode 14.0";
			developmentRegion = en;
			hasScannedForEncodings = 0;
			knownRegions = (
				en,
				Base,
			);
			mainGroup = 21C568962B8305960091B38C;
			productRefGroup = 21C568A02B8305960091B38C /* Products */;
			projectDirPath = "";
			projectRoot = "";
			targets = (
				21C5689E2B8305960091B38C /* XRocket */,
				21C568AE2B8305980091B38C /* XRocketTests */,
				21C568B82B8305980091B38C /* XRocketUITests */,
			);
		};
/* End PBXProject section */

/* Begin PBXResourcesBuildPhase section */
		21C5689D2B8305960091B38C /* Resources */ = {
			isa = PBXResourcesBuildPhase;
			buildActionMask = 2147483647;
			files = (
				21C568AA2B8305980091B38C /* Preview Assets.xcassets in Resources */,
				21C568A72B8305980091B38C /* Assets.xcassets in Resources */,
				21C569202B8740DD0091B38C /* config.json in Resources */,
			);
			runOnlyForDeploymentPostprocessing = 0;
		};
		21C568AD2B8305980091B38C /* Resources */ = {
			isa = PBXResourcesBuildPhase;
			buildActionMask = 2147483647;
			files = (
			);
			runOnlyForDeploymentPostprocessing = 0;
		};
		21C568B72B8305980091B38C /* Resources */ = {
			isa = PBXResourcesBuildPhase;
			buildActionMask = 2147483647;
			files = (
			);
			runOnlyForDeploymentPostprocessing = 0;
		};
/* End PBXResourcesBuildPhase section */

/* Begin PBXSourcesBuildPhase section */
		21C5689B2B8305960091B38C /* Sources */ = {
			isa = PBXSourcesBuildPhase;
			buildActionMask = 2147483647;
			files = (
				21C568D92B8481B30091B38C /* SwiftPrinter.swift in Sources */,
				21C568A52B8305960091B38C /* ContentView.swift in Sources */,
				21C569262B87A8320091B38C /* PacManager.swift in Sources */,
				21C569242B8757210091B38C /* VpnSetup.swift in Sources */,
				21C568A32B8305960091B38C /* XRocket.swift in Sources */,
			);
			runOnlyForDeploymentPostprocessing = 0;
		};
		21C568AB2B8305980091B38C /* Sources */ = {
			isa = PBXSourcesBuildPhase;
			buildActionMask = 2147483647;
			files = (
				21C568B42B8305980091B38C /* Xray_UITests.swift in Sources */,
			);
			runOnlyForDeploymentPostprocessing = 0;
		};
		21C568B52B8305980091B38C /* Sources */ = {
			isa = PBXSourcesBuildPhase;
			buildActionMask = 2147483647;
			files = (
				21C568C02B8305980091B38C /* Xray_UIUITestsLaunchTests.swift in Sources */,
				21C568BE2B8305980091B38C /* Xray_UIUITests.swift in Sources */,
			);
			runOnlyForDeploymentPostprocessing = 0;
		};
/* End PBXSourcesBuildPhase section */

/* Begin PBXTargetDependency section */
		21C568B12B8305980091B38C /* PBXTargetDependency */ = {
			isa = PBXTargetDependency;
			target = 21C5689E2B8305960091B38C /* XRocket */;
			targetProxy = 21C568B02B8305980091B38C /* PBXContainerItemProxy */;
		};
		21C568BB2B8305980091B38C /* PBXTargetDependency */ = {
			isa = PBXTargetDependency;
			target = 21C5689E2B8305960091B38C /* XRocket */;
			targetProxy = 21C568BA2B8305980091B38C /* PBXContainerItemProxy */;
		};
/* End PBXTargetDependency section */

/* Begin XCBuildConfiguration section */
		21C568C12B8305980091B38C /* Debug */ = {
			isa = XCBuildConfiguration;
			buildSettings = {
				ALWAYS_SEARCH_USER_PATHS = NO;
				ASSETCATALOG_COMPILER_GENERATE_SWIFT_ASSET_SYMBOL_EXTENSIONS = YES;
				CLANG_ANALYZER_NONNULL = YES;
				CLANG_ANALYZER_NUMBER_OBJECT_CONVERSION = YES_AGGRESSIVE;
				CLANG_CXX_LANGUAGE_STANDARD = "gnu++20";
				CLANG_ENABLE_MODULES = YES;
				CLANG_ENABLE_OBJC_ARC = YES;
				CLANG_ENABLE_OBJC_WEAK = YES;
				CLANG_WARN_BLOCK_CAPTURE_AUTORELEASING = YES;
				CLANG_WARN_BOOL_CONVERSION = YES;
				CLANG_WARN_COMMA = YES;
				CLANG_WARN_CONSTANT_CONVERSION = YES;
				CLANG_WARN_DEPRECATED_OBJC_IMPLEMENTATIONS = YES;
				CLANG_WARN_DIRECT_OBJC_ISA_USAGE = YES_ERROR;
				CLANG_WARN_DOCUMENTATION_COMMENTS = YES;
				CLANG_WARN_EMPTY_BODY = YES;
				CLANG_WARN_ENUM_CONVERSION = YES;
				CLANG_WARN_INFINITE_RECURSION = YES;
				CLANG_WARN_INT_CONVERSION = YES;
				CLANG_WARN_NON_LITERAL_NULL_CONVERSION = YES;
				CLANG_WARN_OBJC_IMPLICIT_RETAIN_SELF = YES;
				CLANG_WARN_OBJC_LITERAL_CONVERSION = YES;
				CLANG_WARN_OBJC_ROOT_CLASS = YES_ERROR;
				CLANG_WARN_QUOTED_INCLUDE_IN_FRAMEWORK_HEADER = YES;
				CLANG_WARN_RANGE_LOOP_ANALYSIS = YES;
				CLANG_WARN_STRICT_PROTOTYPES = YES;
				CLANG_WARN_SUSPICIOUS_MOVE = YES;
				CLANG_WARN_UNGUARDED_AVAILABILITY = YES_AGGRESSIVE;
				CLANG_WARN_UNREACHABLE_CODE = YES;
				CLANG_WARN__DUPLICATE_METHOD_MATCH = YES;
				COPY_PHASE_STRIP = NO;
				DEBUG_INFORMATION_FORMAT = dwarf;
				ENABLE_STRICT_OBJC_MSGSEND = YES;
				ENABLE_TESTABILITY = YES;
				ENABLE_USER_SCRIPT_SANDBOXING = YES;
				GCC_C_LANGUAGE_STANDARD = gnu17;
				GCC_DYNAMIC_NO_PIC = NO;
				GCC_NO_COMMON_BLOCKS = YES;
				GCC_OPTIMIZATION_LEVEL = 0;
				GCC_PREPROCESSOR_DEFINITIONS = (
					"DEBUG=1",
					"$(inherited)",
				);
				GCC_WARN_64_TO_32_BIT_CONVERSION = YES;
				GCC_WARN_ABOUT_RETURN_TYPE = YES_ERROR;
				GCC_WARN_UNDECLARED_SELECTOR = YES;
				GCC_WARN_UNINITIALIZED_AUTOS = YES_AGGRESSIVE;
				GCC_WARN_UNUSED_FUNCTION = YES;
				GCC_WARN_UNUSED_VARIABLE = YES;
				IPHONEOS_DEPLOYMENT_TARGET = 17.2;
				LOCALIZATION_PREFERS_STRING_CATALOGS = YES;
				MTL_ENABLE_DEBUG_INFO = INCLUDE_SOURCE;
				MTL_FAST_MATH = YES;
				ONLY_ACTIVE_ARCH = YES;
				SDKROOT = iphoneos;
				SWIFT_ACTIVE_COMPILATION_CONDITIONS = "DEBUG $(inherited)";
				SWIFT_OPTIMIZATION_LEVEL = "-Onone";
			};
			name = Debug;
		};
		21C568C22B8305980091B38C /* Release */ = {
			isa = XCBuildConfiguration;
			buildSettings = {
				ALWAYS_SEARCH_USER_PATHS = NO;
				ASSETCATALOG_COMPILER_GENERATE_SWIFT_ASSET_SYMBOL_EXTENSIONS = YES;
				CLANG_ANALYZER_NONNULL = YES;
				CLANG_ANALYZER_NUMBER_OBJECT_CONVERSION = YES_AGGRESSIVE;
				CLANG_CXX_LANGUAGE_STANDARD = "gnu++20";
				CLANG_ENABLE_MODULES = YES;
				CLANG_ENABLE_OBJC_ARC = YES;
				CLANG_ENABLE_OBJC_WEAK = YES;
				CLANG_WARN_BLOCK_CAPTURE_AUTORELEASING = YES;
				CLANG_WARN_BOOL_CONVERSION = YES;
				CLANG_WARN_COMMA = YES;
				CLANG_WARN_CONSTANT_CONVERSION = YES;
				CLANG_WARN_DEPRECATED_OBJC_IMPLEMENTATIONS = YES;
				CLANG_WARN_DIRECT_OBJC_ISA_USAGE = YES_ERROR;
				CLANG_WARN_DOCUMENTATION_COMMENTS = YES;
				CLANG_WARN_EMPTY_BODY = YES;
				CLANG_WARN_ENUM_CONVERSION = YES;
				CLANG_WARN_INFINITE_RECURSION = YES;
				CLANG_WARN_INT_CONVERSION = YES;
				CLANG_WARN_NON_LITERAL_NULL_CONVERSION = YES;
				CLANG_WARN_OBJC_IMPLICIT_RETAIN_SELF = YES;
				CLANG_WARN_OBJC_LITERAL_CONVERSION = YES;
				CLANG_WARN_OBJC_ROOT_CLASS = YES_ERROR;
				CLANG_WARN_QUOTED_INCLUDE_IN_FRAMEWORK_HEADER = YES;
				CLANG_WARN_RANGE_LOOP_ANALYSIS = YES;
				CLANG_WARN_STRICT_PROTOTYPES = YES;
				CLANG_WARN_SUSPICIOUS_MOVE = YES;
				CLANG_WARN_UNGUARDED_AVAILABILITY = YES_AGGRESSIVE;
				CLANG_WARN_UNREACHABLE_CODE = YES;
				CLANG_WARN__DUPLICATE_METHOD_MATCH = YES;
				COPY_PHASE_STRIP = NO;
				DEBUG_INFORMATION_FORMAT = "dwarf-with-dsym";
				ENABLE_NS_ASSERTIONS = NO;
				ENABLE_STRICT_OBJC_MSGSEND = YES;
				ENABLE_USER_SCRIPT_SANDBOXING = YES;
				GCC_C_LANGUAGE_STANDARD = gnu17;
				GCC_NO_COMMON_BLOCKS = YES;
				GCC_WARN_64_TO_32_BIT_CONVERSION = YES;
				GCC_WARN_ABOUT_RETURN_TYPE = YES_ERROR;
				GCC_WARN_UNDECLARED_SELECTOR = YES;
				GCC_WARN_UNINITIALIZED_AUTOS = YES_AGGRESSIVE;
				GCC_WARN_UNUSED_FUNCTION = YES;
				GCC_WARN_UNUSED_VARIABLE = YES;
				IPHONEOS_DEPLOYMENT_TARGET = 17.2;
				LOCALIZATION_PREFERS_STRING_CATALOGS = YES;
				MTL_ENABLE_DEBUG_INFO = NO;
				MTL_FAST_MATH = YES;
				SDKROOT = iphoneos;
				SWIFT_COMPILATION_MODE = wholemodule;
				VALIDATE_PRODUCT = YES;
			};
			name = Release;
		};
		21C568C42B8305980091B38C /* Debug */ = {
			isa = XCBuildConfiguration;
			buildSettings = {
				ASSETCATALOG_COMPILER_APPICON_NAME = AppIcon;
				ASSETCATALOG_COMPILER_GLOBAL_ACCENT_COLOR_NAME = AccentColor;
				CODE_SIGN_ENTITLEMENTS = XRocket/XRocket.entitlements;
				CODE_SIGN_STYLE = Automatic;
				CURRENT_PROJECT_VERSION = 1;
				DEVELOPMENT_ASSET_PATHS = "\"XRocket/Preview Content\"";
				DEVELOPMENT_TEAM = L979XF3964;
				ENABLE_PREVIEWS = YES;
				GENERATE_INFOPLIST_FILE = YES;
				INFOPLIST_KEY_UIApplicationSceneManifest_Generation = YES;
				INFOPLIST_KEY_UIApplicationSupportsIndirectInputEvents = YES;
				INFOPLIST_KEY_UILaunchScreen_Generation = YES;
				INFOPLIST_KEY_UISupportedInterfaceOrientations_iPad = "UIInterfaceOrientationPortrait UIInterfaceOrientationPortraitUpsideDown UIInterfaceOrientationLandscapeLeft UIInterfaceOrientationLandscapeRight";
				INFOPLIST_KEY_UISupportedInterfaceOrientations_iPhone = "UIInterfaceOrientationPortrait UIInterfaceOrientationLandscapeLeft UIInterfaceOrientationLandscapeRight";
				LD_RUNPATH_SEARCH_PATHS = (
					"$(inherited)",
					"@executable_path/Frameworks",
				);
				MARKETING_VERSION = 1.0;
				OTHER_CFLAGS = "";
				OTHER_LDFLAGS = "";
				PRODUCT_BUNDLE_IDENTIFIER = "Simenons-Zhang.Xray-UI";
				PRODUCT_NAME = "$(TARGET_NAME)";
				SWIFT_EMIT_LOC_STRINGS = YES;
				SWIFT_VERSION = 5.0;
				TARGETED_DEVICE_FAMILY = "1,2";
			};
			name = Debug;
		};
		21C568C52B8305980091B38C /* Release */ = {
			isa = XCBuildConfiguration;
			buildSettings = {
				ASSETCATALOG_COMPILER_APPICON_NAME = AppIcon;
				ASSETCATALOG_COMPILER_GLOBAL_ACCENT_COLOR_NAME = AccentColor;
				CODE_SIGN_ENTITLEMENTS = XRocket/XRocket.entitlements;
				CODE_SIGN_STYLE = Automatic;
				CURRENT_PROJECT_VERSION = 1;
				DEVELOPMENT_ASSET_PATHS = "\"XRocket/Preview Content\"";
				DEVELOPMENT_TEAM = L979XF3964;
				ENABLE_PREVIEWS = YES;
				GENERATE_INFOPLIST_FILE = YES;
				INFOPLIST_KEY_UIApplicationSceneManifest_Generation = YES;
				INFOPLIST_KEY_UIApplicationSupportsIndirectInputEvents = YES;
				INFOPLIST_KEY_UILaunchScreen_Generation = YES;
				INFOPLIST_KEY_UISupportedInterfaceOrientations_iPad = "UIInterfaceOrientationPortrait UIInterfaceOrientationPortraitUpsideDown UIInterfaceOrientationLandscapeLeft UIInterfaceOrientationLandscapeRight";
				INFOPLIST_KEY_UISupportedInterfaceOrientations_iPhone = "UIInterfaceOrientationPortrait UIInterfaceOrientationLandscapeLeft UIInterfaceOrientationLandscapeRight";
				LD_RUNPATH_SEARCH_PATHS = (
					"$(inherited)",
					"@executable_path/Frameworks",
				);
				MARKETING_VERSION = 1.0;
				OTHER_CFLAGS = "";
				OTHER_LDFLAGS = "";
				PRODUCT_BUNDLE_IDENTIFIER = "Simenons-Zhang.Xray-UI";
				PRODUCT_NAME = "$(TARGET_NAME)";
				SWIFT_EMIT_LOC_STRINGS = YES;
				SWIFT_VERSION = 5.0;
				TARGETED_DEVICE_FAMILY = "1,2";
			};
			name = Release;
		};
		21C568C72B8305980091B38C /* Debug */ = {
			isa = XCBuildConfiguration;
			buildSettings = {
				ALWAYS_EMBED_SWIFT_STANDARD_LIBRARIES = YES;
				BUNDLE_LOADER = "$(TEST_HOST)";
				CODE_SIGN_STYLE = Automatic;
				CURRENT_PROJECT_VERSION = 1;
				DEVELOPMENT_TEAM = L979XF3964;
				GENERATE_INFOPLIST_FILE = YES;
				IPHONEOS_DEPLOYMENT_TARGET = 17.2;
				MARKETING_VERSION = 1.0;
				PRODUCT_BUNDLE_IDENTIFIER = "Simenons-Zhang.Xray-UITests";
				PRODUCT_NAME = "$(TARGET_NAME)";
				SWIFT_EMIT_LOC_STRINGS = NO;
				SWIFT_VERSION = 5.0;
				TARGETED_DEVICE_FAMILY = "1,2";
				TEST_HOST = "$(BUILT_PRODUCTS_DIR)/Xray-UI.app/$(BUNDLE_EXECUTABLE_FOLDER_PATH)/Xray-UI";
			};
			name = Debug;
		};
		21C568C82B8305980091B38C /* Release */ = {
			isa = XCBuildConfiguration;
			buildSettings = {
				ALWAYS_EMBED_SWIFT_STANDARD_LIBRARIES = YES;
				BUNDLE_LOADER = "$(TEST_HOST)";
				CODE_SIGN_STYLE = Automatic;
				CURRENT_PROJECT_VERSION = 1;
				DEVELOPMENT_TEAM = L979XF3964;
				GENERATE_INFOPLIST_FILE = YES;
				IPHONEOS_DEPLOYMENT_TARGET = 17.2;
				MARKETING_VERSION = 1.0;
				PRODUCT_BUNDLE_IDENTIFIER = "Simenons-Zhang.Xray-UITests";
				PRODUCT_NAME = "$(TARGET_NAME)";
				SWIFT_EMIT_LOC_STRINGS = NO;
				SWIFT_VERSION = 5.0;
				TARGETED_DEVICE_FAMILY = "1,2";
				TEST_HOST = "$(BUILT_PRODUCTS_DIR)/Xray-UI.app/$(BUNDLE_EXECUTABLE_FOLDER_PATH)/Xray-UI";
			};
			name = Release;
		};
		21C568CA2B8305980091B38C /* Debug */ = {
			isa = XCBuildConfiguration;
			buildSettings = {
				ALWAYS_EMBED_SWIFT_STANDARD_LIBRARIES = YES;
				CODE_SIGN_STYLE = Automatic;
				CURRENT_PROJECT_VERSION = 1;
				DEVELOPMENT_TEAM = L979XF3964;
				GENERATE_INFOPLIST_FILE = YES;
				MARKETING_VERSION = 1.0;
				PRODUCT_BUNDLE_IDENTIFIER = "Simenons-Zhang.Xray-UIUITests";
				PRODUCT_NAME = "$(TARGET_NAME)";
				SWIFT_EMIT_LOC_STRINGS = NO;
				SWIFT_VERSION = 5.0;
				TARGETED_DEVICE_FAMILY = "1,2";
				TEST_TARGET_NAME = "Xray-UI";
			};
			name = Debug;
		};
		21C568CB2B8305980091B38C /* Release */ = {
			isa = XCBuildConfiguration;
			buildSettings = {
				ALWAYS_EMBED_SWIFT_STANDARD_LIBRARIES = YES;
				CODE_SIGN_STYLE = Automatic;
				CURRENT_PROJECT_VERSION = 1;
				DEVELOPMENT_TEAM = L979XF3964;
				GENERATE_INFOPLIST_FILE = YES;
				MARKETING_VERSION = 1.0;
				PRODUCT_BUNDLE_IDENTIFIER = "Simenons-Zhang.Xray-UIUITests";
				PRODUCT_NAME = "$(TARGET_NAME)";
				SWIFT_EMIT_LOC_STRINGS = NO;
				SWIFT_VERSION = 5.0;
				TARGETED_DEVICE_FAMILY = "1,2";
				TEST_TARGET_NAME = "Xray-UI";
			};
			name = Release;
		};
/* End XCBuildConfiguration section */

/* Begin XCConfigurationList section */
		21C5689A2B8305960091B38C /* Build configuration list for PBXProject "XRocket" */ = {
			isa = XCConfigurationList;
			buildConfigurations = (
				21C568C12B8305980091B38C /* Debug */,
				21C568C22B8305980091B38C /* Release */,
			);
			defaultConfigurationIsVisible = 0;
			defaultConfigurationName = Release;
		};
		21C568C32B8305980091B38C /* Build configuration list for PBXNativeTarget "XRocket" */ = {
			isa = XCConfigurationList;
			buildConfigurations = (
				21C568C42B8305980091B38C /* Debug */,
				21C568C52B8305980091B38C /* Release */,
			);
			defaultConfigurationIsVisible = 0;
			defaultConfigurationName = Release;
		};
		21C568C62B8305980091B38C /* Build configuration list for PBXNativeTarget "XRocketTests" */ = {
			isa = XCConfigurationList;
			buildConfigurations = (
				21C568C72B8305980091B38C /* Debug */,
				21C568C82B8305980091B38C /* Release */,
			);
			defaultConfigurationIsVisible = 0;
			defaultConfigurationName = Release;
		};
		21C568C92B8305980091B38C /* Build configuration list for PBXNativeTarget "XRocketUITests" */ = {
			isa = XCConfigurationList;
			buildConfigurations = (
				21C568CA2B8305980091B38C /* Debug */,
				21C568CB2B8305980091B38C /* Release */,
			);
			defaultConfigurationIsVisible = 0;
			defaultConfigurationName = Release;
		};
/* End XCConfigurationList section */
	};
	rootObject = 21C568972B8305960091B38C /* Project object */;
}
